
Microsoft Visual Studio Solution File, Format Version 12.00
# Visual Studio Version 16
VisualStudioVersion = 16.0.28407.52
MinimumVisualStudioVersion = 10.0.40219.1
Project("{FAE04EC0-301F-11D3-BF4B-00C04F79EFBC}") = "MidiControllerDesktopEditor", "MidiControllerDesktopEditor.csproj", "{80EE2FB4-22B5-413E-84B9-099189970C4E}"
EndProject
Global
	GlobalSection(SolutionConfigurationPlatforms) = preSolution
		Debug|Any CPU = Debug|Any CPU
		Release|Any CPU = Release|Any CPU
	EndGlobalSection
	GlobalSection(ProjectConfigurationPlatforms) = postSolution
		{80EE2FB4-22B5-413E-84B9-099189970C4E}.Debug|Any CPU.ActiveCfg = Debug|Any CPU
		{80EE2FB4-22B5-413E-84B9-099189970C4E}.Debug|Any CPU.Build.0 = Debug|Any CPU
		{80EE2FB4-22B5-413E-84B9-099189970C4E}.Release|Any CPU.ActiveCfg = Release|Any CPU
		{80EE2FB4-22B5-413E-84B9-099189970C4E}.Release|Any CPU.Build.0 = Release|Any CPU
	EndGlobalSection
	GlobalSection(SolutionProperties) = preSolution
		HideSolutionNode = FALSE
	EndGlobalSection
	GlobalSection(ExtensibilityGlobals) = postSolution
		SolutionGuid = {B5B57F4C-C78C-47B5-A550-F5B79D15ECD8}
	EndGlobalSection
EndGlobal
